PODS:
  - Alamofire (4.0.1)
  - AlamofireObjectMapper (4.0.0):
    - Alamofire (~> 4.0)
    - ObjectMapper (~> 2.0)
  - Cosmos (7.0.0)
  - Kingfisher (3.2.1)
  - ObjectMapper (2.2.1)
  - ObjectMapper+Realm (0.2):
    - ObjectMapper
    - RealmSwift
  - Realm (2.1.1):
    - Realm/Headers (= 2.1.1)
  - Realm/Headers (2.1.1)
  - RealmSwift (2.1.1):
    - Realm (= 2.1.1)
  - SVProgressHUD (2.0.4)

DEPENDENCIES:
  - Alamofire (~> 4.0)
  - AlamofireObjectMapper (~> 4.0)
  - Cosmos (~> 7.0)
  - Kingfisher (~> 3.0)
  - ObjectMapper+Realm
  - Realm (~> 2.1)
  - RealmSwift
  - SVProgressHUD

SPEC CHECKSUMS:
  Alamofire: 7682d43245de14874acd142ec137b144aa1dd335
  AlamofireObjectMapper: 9faa3ce5a240efda1b209009a2d6e1e949227abc
  Cosmos: 2c8299147138758f6ebbb247cf1aeed77998bdf9
  Kingfisher: 64ef28c6d3d6f344e3ae2d7f5c9da80439505d99
  ObjectMapper: 41e43e1a89f8060ef5ea5d04ba852e269a621d68
  ObjectMapper+Realm: 8b45dbfa1be145e311a6f93a306c183d630b40a9
  Realm: a55959c0b171a5fe5267406d17f314fec3cefaae
  RealmSwift: 749fd955bf8d6471c21d218b9389a47aaeccfe3f
  SVProgressHUD: bfde85ed6c573ea802b9cb37894ed9b629034f1b

PODFILE CHECKSUM: d475933ada4c74fd5113acbab9fb0ec379a6820b

COCOAPODS: 1.0.0
